
Microsoft Visual Studio Solution File, Format Version 12.00
# Visual Studio 15
VisualStudioVersion = 15.0.26124.0
MinimumVisualStudioVersion = 15.0.26124.0
Project("{2150E333-8FDC-42A3-9474-1A3956D46DE8}") = "src", "src", "{DAF88141-9B20-4C11-92D3-21FD81216498}"
EndProject
Project("{FAE04EC0-301F-11D3-BF4B-00C04F79EFBC}") = "GradeBook", "src\GradeBook\GradeBook.csproj", "{FEECAF64-B427-4C43-ADE0-1DF36586E7AF}"
EndProject
Project("{2150E333-8FDC-42A3-9474-1A3956D46DE8}") = "test", "test", "{BC1DCD3B-0EDD-4600-BA1E-D28737307BF3}"
EndProject
Project("{FAE04EC0-301F-11D3-BF4B-00C04F79EFBC}") = "GradeBook.Tests", "test\GradeBook.Tests\GradeBook.Tests.csproj", "{384301FF-8577-45C8-A4C3-FA5606AFFC39}"
EndProject
Global
	GlobalSection(SolutionConfigurationPlatforms) = preSolution
		Debug|Any CPU = Debug|Any CPU
		Debug|x64 = Debug|x64
		Debug|x86 = Debug|x86
		Release|Any CPU = Release|Any CPU
		Release|x64 = Release|x64
		Release|x86 = Release|x86
	EndGlobalSection
	GlobalSection(SolutionProperties) = preSolution
		HideSolutionNode = FALSE
	EndGlobalSection
	GlobalSection(ProjectConfigurationPlatforms) = postSolution
		{FEECAF64-B427-4C43-ADE0-1DF36586E7AF}.Debug|Any CPU.ActiveCfg = Debug|Any CPU
		{FEECAF64-B427-4C43-ADE0-1DF36586E7AF}.Debug|Any CPU.Build.0 = Debug|Any CPU
		{FEECAF64-B427-4C43-ADE0-1DF36586E7AF}.Debug|x64.ActiveCfg = Debug|Any CPU
		{FEECAF64-B427-4C43-ADE0-1DF36586E7AF}.Debug|x64.Build.0 = Debug|Any CPU
		{FEECAF64-B427-4C43-ADE0-1DF36586E7AF}.Debug|x86.ActiveCfg = Debug|Any CPU
		{FEECAF64-B427-4C43-ADE0-1DF36586E7AF}.Debug|x86.Build.0 = Debug|Any CPU
		{FEECAF64-B427-4C43-ADE0-1DF36586E7AF}.Release|Any CPU.ActiveCfg = Release|Any CPU
		{FEECAF64-B427-4C43-ADE0-1DF36586E7AF}.Release|Any CPU.Build.0 = Release|Any CPU
		{FEECAF64-B427-4C43-ADE0-1DF36586E7AF}.Release|x64.ActiveCfg = Release|Any CPU
		{FEECAF64-B427-4C43-ADE0-1DF36586E7AF}.Release|x64.Build.0 = Release|Any CPU
		{FEECAF64-B427-4C43-ADE0-1DF36586E7AF}.Release|x86.ActiveCfg = Release|Any CPU
		{FEECAF64-B427-4C43-ADE0-1DF36586E7AF}.Release|x86.Build.0 = Release|Any CPU
		{384301FF-8577-45C8-A4C3-FA5606AFFC39}.Debug|Any CPU.ActiveCfg = Debug|Any CPU
		{384301FF-8577-45C8-A4C3-FA5606AFFC39}.Debug|Any CPU.Build.0 = Debug|Any CPU
		{384301FF-8577-45C8-A4C3-FA5606AFFC39}.Debug|x64.ActiveCfg = Debug|Any CPU
		{384301FF-8577-45C8-A4C3-FA5606AFFC39}.Debug|x64.Build.0 = Debug|Any CPU
		{384301FF-8577-45C8-A4C3-FA5606AFFC39}.Debug|x86.ActiveCfg = Debug|Any CPU
		{384301FF-8577-45C8-A4C3-FA5606AFFC39}.Debug|x86.Build.0 = Debug|Any CPU
		{384301FF-8577-45C8-A4C3-FA5606AFFC39}.Release|Any CPU.ActiveCfg = Release|Any CPU
		{384301FF-8577-45C8-A4C3-FA5606AFFC39}.Release|Any CPU.Build.0 = Release|Any CPU
		{384301FF-8577-45C8-A4C3-FA5606AFFC39}.Release|x64.ActiveCfg = Release|Any CPU
		{384301FF-8577-45C8-A4C3-FA5606AFFC39}.Release|x64.Build.0 = Release|Any CPU
		{384301FF-8577-45C8-A4C3-FA5606AFFC39}.Release|x86.ActiveCfg = Release|Any CPU
		{384301FF-8577-45C8-A4C3-FA5606AFFC39}.Release|x86.Build.0 = Release|Any CPU
	EndGlobalSection
	GlobalSection(NestedProjects) = preSolution
		{FEECAF64-B427-4C43-ADE0-1DF36586E7AF} = {DAF88141-9B20-4C11-92D3-21FD81216498}
		{384301FF-8577-45C8-A4C3-FA5606AFFC39} = {BC1DCD3B-0EDD-4600-BA1E-D28737307BF3}
	EndGlobalSection
EndGlobal
